
Microsoft Visual Studio Solution File, Format Version 12.00
# Visual Studio Version 16
VisualStudioVersion = 16.0.31624.102
MinimumVisualStudioVersion = 10.0.40219.1
Project("{FAE04EC0-301F-11D3-BF4B-00C04F79EFBC}") = "ProjectMidTerm", "ProjectMidTerm.csproj", "{D3B130F9-6BA3-4E81-8053-3875D56D9296}"
EndProject
Global
	GlobalSection(SolutionConfigurationPlatforms) = preSolution
		Debug|Any CPU = Debug|Any CPU
		Release|Any CPU = Release|Any CPU
	EndGlobalSection
	GlobalSection(ProjectConfigurationPlatforms) = postSolution
		{D3B130F9-6BA3-4E81-8053-3875D56D9296}.Debug|Any CPU.ActiveCfg = Debug|Any CPU
		{D3B130F9-6BA3-4E81-8053-3875D56D9296}.Debug|Any CPU.Build.0 = Debug|Any CPU
		{D3B130F9-6BA3-4E81-8053-3875D56D9296}.Release|Any CPU.ActiveCfg = Release|Any CPU
		{D3B130F9-6BA3-4E81-8053-3875D56D9296}.Release|Any CPU.Build.0 = Release|Any CPU
	EndGlobalSection
	GlobalSection(SolutionProperties) = preSolution
		HideSolutionNode = FALSE
	EndGlobalSection
	GlobalSection(ExtensibilityGlobals) = postSolution
		SolutionGuid = {24ADA5DF-B220-4633-A804-DE05505CC5A8}
	EndGlobalSection
EndGlobal
